
Microsoft Visual Studio Solution File, Format Version 12.00
# Visual Studio 15
VisualStudioVersion = 15.0.27130.2027
MinimumVisualStudioVersion = 10.0.40219.1
Project("{9A19103F-16F7-4668-BE54-9A1E7A4F7556}") = "HetsCommon", "Common\src\HetsCommon\HetsCommon.csproj", "{65231186-F1B1-4388-BA8D-C63E9703B7C5}"
EndProject
Project("{9A19103F-16F7-4668-BE54-9A1E7A4F7556}") = "HetsData", "Common\src\HetsData\HetsData.csproj", "{E88FFF3D-CE15-43E9-B1BE-4111E5862E2B}"
EndProject
Project("{9A19103F-16F7-4668-BE54-9A1E7A4F7556}") = "FrontEnd", "FrontEnd\src\FrontEnd\FrontEnd.csproj", "{31E26099-EEBF-4A4E-9D5A-48F2DBDD2B6B}"
EndProject
Project("{9A19103F-16F7-4668-BE54-9A1E7A4F7556}") = "HetsApi", "Server\src\HetsApi\HetsApi.csproj", "{994D37A5-1446-4949-8575-DD514D82F102}"
EndProject
Project("{9A19103F-16F7-4668-BE54-9A1E7A4F7556}") = "HetsReport", "Common\src\HetsReport\HetsReport.csproj", "{6D1BABED-F06C-4E1F-A89F-38A89B4F3659}"
EndProject
Global
	GlobalSection(SolutionConfigurationPlatforms) = preSolution
		Debug|Any CPU = Debug|Any CPU
		Local|Any CPU = Local|Any CPU
		Release|Any CPU = Release|Any CPU
	EndGlobalSection
	GlobalSection(ProjectConfigurationPlatforms) = postSolution
		{65231186-F1B1-4388-BA8D-C63E9703B7C5}.Debug|Any CPU.ActiveCfg = Debug|Any CPU
		{65231186-F1B1-4388-BA8D-C63E9703B7C5}.Debug|Any CPU.Build.0 = Debug|Any CPU
		{65231186-F1B1-4388-BA8D-C63E9703B7C5}.Local|Any CPU.ActiveCfg = Debug|Any CPU
		{65231186-F1B1-4388-BA8D-C63E9703B7C5}.Local|Any CPU.Build.0 = Debug|Any CPU
		{65231186-F1B1-4388-BA8D-C63E9703B7C5}.Release|Any CPU.ActiveCfg = Release|Any CPU
		{65231186-F1B1-4388-BA8D-C63E9703B7C5}.Release|Any CPU.Build.0 = Release|Any CPU
		{E88FFF3D-CE15-43E9-B1BE-4111E5862E2B}.Debug|Any CPU.ActiveCfg = Debug|Any CPU
		{E88FFF3D-CE15-43E9-B1BE-4111E5862E2B}.Debug|Any CPU.Build.0 = Debug|Any CPU
		{E88FFF3D-CE15-43E9-B1BE-4111E5862E2B}.Local|Any CPU.ActiveCfg = Debug|Any CPU
		{E88FFF3D-CE15-43E9-B1BE-4111E5862E2B}.Local|Any CPU.Build.0 = Debug|Any CPU
		{E88FFF3D-CE15-43E9-B1BE-4111E5862E2B}.Release|Any CPU.ActiveCfg = Release|Any CPU
		{E88FFF3D-CE15-43E9-B1BE-4111E5862E2B}.Release|Any CPU.Build.0 = Release|Any CPU
		{31E26099-EEBF-4A4E-9D5A-48F2DBDD2B6B}.Debug|Any CPU.ActiveCfg = Debug|Any CPU
		{31E26099-EEBF-4A4E-9D5A-48F2DBDD2B6B}.Debug|Any CPU.Build.0 = Debug|Any CPU
		{31E26099-EEBF-4A4E-9D5A-48F2DBDD2B6B}.Local|Any CPU.ActiveCfg = Debug|Any CPU
		{31E26099-EEBF-4A4E-9D5A-48F2DBDD2B6B}.Local|Any CPU.Build.0 = Debug|Any CPU
		{31E26099-EEBF-4A4E-9D5A-48F2DBDD2B6B}.Release|Any CPU.ActiveCfg = Release|Any CPU
		{31E26099-EEBF-4A4E-9D5A-48F2DBDD2B6B}.Release|Any CPU.Build.0 = Release|Any CPU
		{994D37A5-1446-4949-8575-DD514D82F102}.Debug|Any CPU.ActiveCfg = Debug|Any CPU
		{994D37A5-1446-4949-8575-DD514D82F102}.Debug|Any CPU.Build.0 = Debug|Any CPU
		{994D37A5-1446-4949-8575-DD514D82F102}.Local|Any CPU.ActiveCfg = Debug|Any CPU
		{994D37A5-1446-4949-8575-DD514D82F102}.Local|Any CPU.Build.0 = Debug|Any CPU
		{994D37A5-1446-4949-8575-DD514D82F102}.Release|Any CPU.ActiveCfg = Release|Any CPU
		{994D37A5-1446-4949-8575-DD514D82F102}.Release|Any CPU.Build.0 = Release|Any CPU
		{6D1BABED-F06C-4E1F-A89F-38A89B4F3659}.Debug|Any CPU.ActiveCfg = Debug|Any CPU
		{6D1BABED-F06C-4E1F-A89F-38A89B4F3659}.Debug|Any CPU.Build.0 = Debug|Any CPU
		{6D1BABED-F06C-4E1F-A89F-38A89B4F3659}.Local|Any CPU.ActiveCfg = Debug|Any CPU
		{6D1BABED-F06C-4E1F-A89F-38A89B4F3659}.Local|Any CPU.Build.0 = Debug|Any CPU
		{6D1BABED-F06C-4E1F-A89F-38A89B4F3659}.Release|Any CPU.ActiveCfg = Release|Any CPU
		{6D1BABED-F06C-4E1F-A89F-38A89B4F3659}.Release|Any CPU.Build.0 = Release|Any CPU
	EndGlobalSection
	GlobalSection(SolutionProperties) = preSolution
		HideSolutionNode = FALSE
	EndGlobalSection
	GlobalSection(ExtensibilityGlobals) = postSolution
		SolutionGuid = {77A3FC05-4952-4492-893B-20190978B37B}
	EndGlobalSection
EndGlobal
