{
  "requires": true,
  "lockfileVersion": 1,
  "dependencies": {
    "abbrev": {
      "version": "1.1.1",
      "resolved": "https://registry.npmjs.org/abbrev/-/abbrev-1.1.1.tgz",
      "integrity": "sha512-nne9/IiQ/hzIhY6pdDnbBtz7DjPTKrY00P/zvPSm5pOFkl6xuGrGnXn/VtTNNfNtAfZ9/1RtehkszU9qcTii0Q==",
      "optional": true
    },
    "adm-zip": {
      "version": "0.4.4",
      "resolved": "http://registry.npmjs.org/adm-zip/-/adm-zip-0.4.4.tgz",
      "integrity": "sha1-ph7VrmkFw66lizplfSUDMJEFJzY=",
      "optional": true
    },
    "any-promise": {
      "version": "1.3.0",
      "resolved": "https://registry.npmjs.org/any-promise/-/any-promise-1.3.0.tgz",
      "integrity": "sha1-q8av7tzqUugJzcA3au0845Y10X8="
    },
    "asn1": {
      "version": "0.1.11",
      "resolved": "https://registry.npmjs.org/asn1/-/asn1-0.1.11.tgz",
      "integrity": "sha1-VZvhg3bQik7E2+gId9J4GGObLfc=",
      "optional": true
    },
    "assert-plus": {
      "version": "0.1.5",
      "resolved": "https://registry.npmjs.org/assert-plus/-/assert-plus-0.1.5.tgz",
      "integrity": "sha1-7nQAlBMALYTOxyGcasgRgS5yMWA=",
      "optional": true
    },
    "async": {
      "version": "0.9.2",
      "resolved": "http://registry.npmjs.org/async/-/async-0.9.2.tgz",
      "integrity": "sha1-rqdNXmHB+JlhO/ZL2mbUx48v0X0=",
      "optional": true
    },
    "aws-sign2": {
      "version": "0.5.0",
      "resolved": "https://registry.npmjs.org/aws-sign2/-/aws-sign2-0.5.0.tgz",
      "integrity": "sha1-xXED96F/wDfwLXwuZLYC6iI/fWM=",
      "optional": true
    },
    "balanced-match": {
      "version": "1.0.0",
      "resolved": "https://registry.npmjs.org/balanced-match/-/balanced-match-1.0.0.tgz",
      "integrity": "sha1-ibTRmasr7kneFk6gK4nORi1xt2c=",
      "optional": true
    },
    "bl": {
      "version": "0.9.5",
      "resolved": "http://registry.npmjs.org/bl/-/bl-0.9.5.tgz",
      "integrity": "sha1-wGt5evCF6gC8Unr8jvzxHeIjIFQ=",
      "optional": true,
      "requires": {
        "readable-stream": "1.0.34"
      }
    },
    "bluebird": {
      "version": "3.5.1",
      "resolved": "https://registry.npmjs.org/bluebird/-/bluebird-3.5.1.tgz",
      "integrity": "sha512-MKiLiV+I1AA596t9w1sQJ8jkiSr5+ZKi0WKrYGUn6d1Fx+Ij4tIj+m2WMQSGczs5jZVxV339chE8iwk6F64wjA=="
    },
    "boom": {
      "version": "0.4.2",
      "resolved": "http://registry.npmjs.org/boom/-/boom-0.4.2.tgz",
      "integrity": "sha1-emNune1O/O+xnO9JR6PGffrukRs=",
      "requires": {
        "hoek": "0.9.1"
      }
    },
    "brace-expansion": {
      "version": "1.1.11",
      "resolved": "https://registry.npmjs.org/brace-expansion/-/brace-expansion-1.1.11.tgz",
      "integrity": "sha512-iCuPHDFgrHX7H2vEI/5xpz07zSHB00TpugqhmYtVmMO6518mCuRMoOYFldEBl0g187ufozdaHgWKcYFb61qGiA==",
      "optional": true,
      "requires": {
        "balanced-match": "1.0.0",
        "concat-map": "0.0.1"
      }
    },
    "caseless": {
      "version": "0.6.0",
      "resolved": "https://registry.npmjs.org/caseless/-/caseless-0.6.0.tgz",
      "integrity": "sha1-gWfBq4OX+1u5X5bSjlqBxQ8kesQ=",
      "optional": true
    },
    "combined-stream": {
      "version": "0.0.7",
      "resolved": "http://registry.npmjs.org/combined-stream/-/combined-stream-0.0.7.tgz",
      "integrity": "sha1-ATfmV7qlp1QcV6w3rF/AfXO03B8=",
      "optional": true,
      "requires": {
        "delayed-stream": "0.0.5"
      }
    },
    "concat-map": {
      "version": "0.0.1",
      "resolved": "https://registry.npmjs.org/concat-map/-/concat-map-0.0.1.tgz",
      "integrity": "sha1-2Klr13/Wjfd5OnMDajug1UBdR3s=",
      "optional": true
    },
    "config-chain": {
      "version": "1.1.12",
      "resolved": "https://registry.npmjs.org/config-chain/-/config-chain-1.1.12.tgz",
      "integrity": "sha512-a1eOIcu8+7lUInge4Rpf/n4Krkf3Dd9lqhljRzII1/Zno/kRtUWnznPO3jOKBmTEktkt3fkxisUcivoj0ebzoA==",
      "optional": true,
      "requires": {
        "ini": "1.3.5",
        "proto-list": "1.2.4"
      }
    },
    "core-util-is": {
      "version": "1.0.2",
      "resolved": "https://registry.npmjs.org/core-util-is/-/core-util-is-1.0.2.tgz",
      "integrity": "sha1-tf1UIgqivFq1eqtxQMlAdUUDwac=",
      "optional": true
    },
    "cryptiles": {
      "version": "0.2.2",
      "resolved": "http://registry.npmjs.org/cryptiles/-/cryptiles-0.2.2.tgz",
      "integrity": "sha1-7ZH/HxetE9N0gohZT4pIoNJvMlw=",
      "optional": true,
      "requires": {
        "boom": "0.4.2"
      }
    },
    "ctype": {
      "version": "0.5.3",
      "resolved": "http://registry.npmjs.org/ctype/-/ctype-0.5.3.tgz",
      "integrity": "sha1-gsGMJGH3QRTvFsE1IkrQuRRMoS8=",
      "optional": true
    },
    "delayed-stream": {
      "version": "0.0.5",
      "resolved": "https://registry.npmjs.org/delayed-stream/-/delayed-stream-0.0.5.tgz",
      "integrity": "sha1-1LH0OpPoKW3+AmlPRoC8N6MTxz8=",
      "optional": true
    },
    "forever-agent": {
      "version": "0.5.2",
      "resolved": "https://registry.npmjs.org/forever-agent/-/forever-agent-0.5.2.tgz",
      "integrity": "sha1-bQ4JxJIflKJ/Y9O0nF/v8epMUTA=",
      "optional": true
    },
    "form-data": {
      "version": "0.1.4",
      "resolved": "http://registry.npmjs.org/form-data/-/form-data-0.1.4.tgz",
      "integrity": "sha1-kavXiKupcCsaq/qLwBAxoqyeOxI=",
      "optional": true,
      "requires": {
        "async": "0.9.2",
        "combined-stream": "0.0.7",
        "mime": "1.2.11"
      }
    },
    "fs-extra": {
      "version": "0.16.5",
      "resolved": "http://registry.npmjs.org/fs-extra/-/fs-extra-0.16.5.tgz",
      "integrity": "sha1-GtZh+myGyWCM0bSe/G/Og0k5p1A=",
      "optional": true,
      "requires": {
        "graceful-fs": "3.0.11",
        "jsonfile": "2.4.0",
        "rimraf": "2.6.2"
      }
    },
    "fs.realpath": {
      "version": "1.0.0",
      "resolved": "https://registry.npmjs.org/fs.realpath/-/fs.realpath-1.0.0.tgz",
      "integrity": "sha1-FQStJSMVjKpA20onh8sBQRmU6k8=",
      "optional": true
    },
    "glob": {
      "version": "7.1.3",
      "resolved": "https://registry.npmjs.org/glob/-/glob-7.1.3.tgz",
      "integrity": "sha512-vcfuiIxogLV4DlGBHIUOwI0IbrJ8HWPc4MU7HzviGeNho/UJDfi6B5p3sHeWIQ0KGIU0Jpxi5ZHxemQfLkkAwQ==",
      "optional": true,
      "requires": {
        "fs.realpath": "1.0.0",
        "inflight": "1.0.6",
        "inherits": "2.0.3",
        "minimatch": "3.0.4",
        "once": "1.4.0",
        "path-is-absolute": "1.0.1"
      }
    },
    "graceful-fs": {
      "version": "3.0.11",
      "resolved": "http://registry.npmjs.org/graceful-fs/-/graceful-fs-3.0.11.tgz",
      "integrity": "sha1-dhPHeKGv6mLyXGMKCG1/Osu92Bg=",
      "optional": true,
      "requires": {
        "natives": "1.1.6"
      }
    },
    "hawk": {
      "version": "1.1.1",
      "resolved": "http://registry.npmjs.org/hawk/-/hawk-1.1.1.tgz",
      "integrity": "sha1-h81JH5tG5OKurKM1QWdmiF0tHtk=",
      "optional": true,
      "requires": {
        "boom": "0.4.2",
        "cryptiles": "0.2.2",
        "hoek": "0.9.1",
        "sntp": "0.2.4"
      }
    },
    "hoek": {
      "version": "0.9.1",
      "resolved": "http://registry.npmjs.org/hoek/-/hoek-0.9.1.tgz",
      "integrity": "sha1-PTIkYrrfB3Fup+uFuviAec3c5QU="
    },
    "http-signature": {
      "version": "0.10.1",
      "resolved": "https://registry.npmjs.org/http-signature/-/http-signature-0.10.1.tgz",
      "integrity": "sha1-T72sEyVZqoMjEh5UB3nAoBKyfmY=",
      "optional": true,
      "requires": {
        "asn1": "0.1.11",
        "assert-plus": "0.1.5",
        "ctype": "0.5.3"
      }
    },
    "in-publish": {
      "version": "2.0.0",
      "resolved": "https://registry.npmjs.org/in-publish/-/in-publish-2.0.0.tgz",
      "integrity": "sha1-4g/146KvwmkDILbcVSaCqcf631E="
    },
    "inflight": {
      "version": "1.0.6",
      "resolved": "https://registry.npmjs.org/inflight/-/inflight-1.0.6.tgz",
      "integrity": "sha1-Sb1jMdfQLQwJvJEKEHW6gWW1bfk=",
      "optional": true,
      "requires": {
        "once": "1.4.0",
        "wrappy": "1.0.2"
      }
    },
    "inherits": {
      "version": "2.0.3",
      "resolved": "https://registry.npmjs.org/inherits/-/inherits-2.0.3.tgz",
      "integrity": "sha1-Yzwsg+PaQqUC9SRmAiSA9CCCYd4="
    },
    "ini": {
      "version": "1.3.5",
      "resolved": "https://registry.npmjs.org/ini/-/ini-1.3.5.tgz",
      "integrity": "sha512-RZY5huIKCMRWDUqZlEi72f/lmXKMvuszcMBduliQ3nnWbx9X/ZBQO7DijMEYS9EhHBb2qacRUMtC7svLwe0lcw=="
    },
    "is": {
      "version": "3.2.1",
      "resolved": "https://registry.npmjs.org/is/-/is-3.2.1.tgz",
      "integrity": "sha1-0Kwq1V63sL7JJqUmb2xmKqqD3KU="
    },
    "isarray": {
      "version": "0.0.1",
      "resolved": "https://registry.npmjs.org/isarray/-/isarray-0.0.1.tgz",
      "integrity": "sha1-ihis/Kmo9Bd+Cav8YDiTmwXR7t8=",
      "optional": true
    },
    "json-stringify-safe": {
      "version": "5.0.1",
      "resolved": "https://registry.npmjs.org/json-stringify-safe/-/json-stringify-safe-5.0.1.tgz",
      "integrity": "sha1-Epai1Y/UXxmg9s4B1lcB4sc1tus=",
      "optional": true
    },
    "jsonfile": {
      "version": "2.4.0",
      "resolved": "http://registry.npmjs.org/jsonfile/-/jsonfile-2.4.0.tgz",
      "integrity": "sha1-NzaitCi4e72gzIO1P6PWM6NcKug=",
      "optional": true,
      "requires": {
        "graceful-fs": "4.1.15"
      },
      "dependencies": {
        "graceful-fs": {
          "version": "4.1.15",
          "resolved": "https://registry.npmjs.org/graceful-fs/-/graceful-fs-4.1.15.tgz",
          "integrity": "sha512-6uHUhOPEBgQ24HM+r6b/QwWfZq+yiFcipKFrOFiBEnWdy5sdzYoi+pJeQaPI5qOLRFqWmAXUPQNsielzdLoecA==",
          "optional": true
        }
      }
    },
    "jsreport-phantom-pdf": {
      "version": "2.1.3",
      "resolved": "https://registry.npmjs.org/jsreport-phantom-pdf/-/jsreport-phantom-pdf-2.1.3.tgz",
      "integrity": "sha512-TyGRHTI48KezAJqQ+7lyXpygbgM+OcLClwOoqqQngwKp1XdTrgHCuXX4G5PxuvulZ4KWz2jjDgNEta4U+qN3wQ==",
      "requires": {
        "bluebird": "3.5.1",
        "node.extend": "2.0.0",
        "phantom-html-to-pdf": "0.5.6",
        "stream-to-array": "2.3.0"
      }
    },
    "kew": {
      "version": "0.4.0",
      "resolved": "http://registry.npmjs.org/kew/-/kew-0.4.0.tgz",
      "integrity": "sha1-2pdITxsGUCFG88YM7AWsYBLNmT8=",
      "optional": true
    },
    "lodash": {
      "version": "4.13.1",
      "resolved": "http://registry.npmjs.org/lodash/-/lodash-4.13.1.tgz",
      "integrity": "sha1-g+SxCRP0hJbU0W/sSlYK8u50S2g="
    },
    "mime": {
      "version": "1.2.11",
      "resolved": "https://registry.npmjs.org/mime/-/mime-1.2.11.tgz",
      "integrity": "sha1-WCA+7Ybjpe8XrtK32evUfwpg3RA=",
      "optional": true
    },
    "mime-types": {
      "version": "1.0.2",
      "resolved": "http://registry.npmjs.org/mime-types/-/mime-types-1.0.2.tgz",
      "integrity": "sha1-mVrhOSq4r/y/yyZB3QVOlDwNXc4=",
      "optional": true
    },
    "minimatch": {
      "version": "3.0.4",
      "resolved": "https://registry.npmjs.org/minimatch/-/minimatch-3.0.4.tgz",
      "integrity": "sha512-yJHVQEhyqPLUTgt9B83PXu6W3rx4MvvHvSUvToogpwoGDOUQ+yDrR0HRot+yOCdCO7u4hX3pWft6kWBBcqh0UA==",
      "optional": true,
      "requires": {
        "brace-expansion": "1.1.11"
      }
    },
    "minimist": {
      "version": "0.0.8",
      "resolved": "http://registry.npmjs.org/minimist/-/minimist-0.0.8.tgz",
      "integrity": "sha1-hX/Kv8M5fSYluCKCYuhqp6ARsF0=",
      "optional": true
    },
    "mkdirp": {
      "version": "0.5.1",
      "resolved": "http://registry.npmjs.org/mkdirp/-/mkdirp-0.5.1.tgz",
      "integrity": "sha1-MAV0OOrGz3+MR2fzhkjWaX11yQM=",
      "optional": true,
      "requires": {
        "minimist": "0.0.8"
      }
    },
    "natives": {
      "version": "1.1.6",
      "resolved": "https://registry.npmjs.org/natives/-/natives-1.1.6.tgz",
      "integrity": "sha512-6+TDFewD4yxY14ptjKaS63GVdtKiES1pTPyxn9Jb0rBqPMZ7VcCiooEhPNsr+mqHtMGxa/5c/HhcC4uPEUw/nA==",
      "optional": true
    },
    "net-cluster": {
      "version": "0.0.2",
      "resolved": "https://registry.npmjs.org/net-cluster/-/net-cluster-0.0.2.tgz",
      "integrity": "sha1-I8UNuNwEauebnd3+mlbHOu6SVbg="
    },
    "node-uuid": {
      "version": "1.4.8",
      "resolved": "https://registry.npmjs.org/node-uuid/-/node-uuid-1.4.8.tgz",
      "integrity": "sha1-sEDrCSOWivq/jTL7HxfxFn/auQc=",
      "optional": true
    },
    "node.extend": {
      "version": "2.0.0",
      "resolved": "https://registry.npmjs.org/node.extend/-/node.extend-2.0.0.tgz",
      "integrity": "sha1-dSWih1Z36lNHhKXhCseJVhOWFN8=",
      "requires": {
        "is": "3.2.1"
      }
    },
    "nopt": {
      "version": "3.0.6",
      "resolved": "https://registry.npmjs.org/nopt/-/nopt-3.0.6.tgz",
      "integrity": "sha1-xkZdvwirzU2zWTF/eaxopkayj/k=",
      "optional": true,
      "requires": {
        "abbrev": "1.1.1"
      }
    },
    "npmconf": {
      "version": "2.0.9",
      "resolved": "https://registry.npmjs.org/npmconf/-/npmconf-2.0.9.tgz",
      "integrity": "sha1-XIfl+zCBBOzuyngePZEV0hY1HvI=",
      "optional": true,
      "requires": {
        "config-chain": "1.1.12",
        "inherits": "2.0.3",
        "ini": "1.3.5",
        "mkdirp": "0.5.1",
        "nopt": "3.0.6",
        "once": "1.3.3",
        "osenv": "0.1.5",
        "semver": "4.3.6",
        "uid-number": "0.0.5"
      },
      "dependencies": {
        "once": {
          "version": "1.3.3",
          "resolved": "https://registry.npmjs.org/once/-/once-1.3.3.tgz",
          "integrity": "sha1-suJhVXzkwxTsgwTz+oJmPkKXyiA=",
          "optional": true,
          "requires": {
            "wrappy": "1.0.2"
          }
        }
      }
    },
    "oauth-sign": {
      "version": "0.4.0",
      "resolved": "https://registry.npmjs.org/oauth-sign/-/oauth-sign-0.4.0.tgz",
      "integrity": "sha1-8ilW8x6nFRqCHl8vsywRPK2Ln2k=",
      "optional": true
    },
    "object-assign": {
      "version": "4.1.1",
      "resolved": "https://registry.npmjs.org/object-assign/-/object-assign-4.1.1.tgz",
      "integrity": "sha1-IQmtx5ZYh8/AXLvUQsrIv7s2CGM="
    },
    "once": {
      "version": "1.4.0",
      "resolved": "https://registry.npmjs.org/once/-/once-1.4.0.tgz",
      "integrity": "sha1-WDsap3WWHUsROsF9nFC6753Xa9E=",
      "requires": {
        "wrappy": "1.0.2"
      }
    },
    "os-homedir": {
      "version": "1.0.2",
      "resolved": "http://registry.npmjs.org/os-homedir/-/os-homedir-1.0.2.tgz",
      "integrity": "sha1-/7xJiDNuDoM94MFox+8VISGqf7M=",
      "optional": true
    },
    "os-tmpdir": {
      "version": "1.0.2",
      "resolved": "http://registry.npmjs.org/os-tmpdir/-/os-tmpdir-1.0.2.tgz",
      "integrity": "sha1-u+Z0BseaqFxc/sdm/lc0VV36EnQ=",
      "optional": true
    },
    "osenv": {
      "version": "0.1.5",
      "resolved": "https://registry.npmjs.org/osenv/-/osenv-0.1.5.tgz",
      "integrity": "sha512-0CWcCECdMVc2Rw3U5w9ZjqX6ga6ubk1xDVKxtBQPK7wis/0F2r9T6k4ydGYhecl7YUBxBVxhL5oisPsNxAPe2g==",
      "optional": true,
      "requires": {
        "os-homedir": "1.0.2",
        "os-tmpdir": "1.0.2"
      }
    },
    "path-is-absolute": {
      "version": "1.0.1",
      "resolved": "http://registry.npmjs.org/path-is-absolute/-/path-is-absolute-1.0.1.tgz",
      "integrity": "sha1-F0uSaHNVNP+8es5r9TpanhtcX18=",
      "optional": true
    },
    "phantom-html-to-pdf": {
      "version": "0.5.6",
      "resolved": "https://registry.npmjs.org/phantom-html-to-pdf/-/phantom-html-to-pdf-0.5.6.tgz",
      "integrity": "sha512-5Acor/eOfAh8YAoiZ65n4o/cM2OWHpNz/luDfSfU2DIlTkMzZnFAh+a6cSHZ6jv81/gkLuyRupr55JeIQC2pGA==",
      "requires": {
        "in-publish": "2.0.0",
        "lodash": "4.13.1",
        "object-assign": "4.1.1",
        "phantom-workers": "0.4.2",
        "phantomjs": "1.9.17",
        "uuid": "2.0.2"
      }
    },
    "phantom-workers": {
      "version": "0.4.2",
      "resolved": "https://registry.npmjs.org/phantom-workers/-/phantom-workers-0.4.2.tgz",
      "integrity": "sha1-kPGGPrmEMt+DNKvZWsWIi7FpzWU=",
      "requires": {
        "net-cluster": "0.0.2",
        "object-assign": "4.1.1",
        "phantomjs": "1.9.15",
        "portscanner": "1.0.0",
        "underscore": "1.8.2"
      },
      "dependencies": {
        "phantomjs": {
          "version": "1.9.15",
          "resolved": "http://registry.npmjs.org/phantomjs/-/phantomjs-1.9.15.tgz",
          "integrity": "sha1-EAMsiza9NUHs75U+dk1dF3wz9y8=",
          "optional": true,
          "requires": {
            "adm-zip": "0.4.4",
            "fs-extra": "0.16.5",
            "kew": "0.4.0",
            "npmconf": "2.0.9",
            "progress": "1.1.8",
            "request": "2.42.0",
            "request-progress": "0.3.1",
            "which": "1.0.9"
          }
        }
      }
    },
    "phantomjs": {
      "version": "1.9.17",
      "resolved": "http://registry.npmjs.org/phantomjs/-/phantomjs-1.9.17.tgz",
      "integrity": "sha1-gOGOamJwIwRWGX6KI0FuaHFAzcA=",
      "optional": true,
      "requires": {
        "adm-zip": "0.4.4",
        "fs-extra": "0.18.4",
        "kew": "0.4.0",
        "npmconf": "2.1.1",
        "progress": "1.1.8",
        "request": "2.42.0",
        "request-progress": "0.3.1",
        "which": "1.0.9"
      },
      "dependencies": {
        "fs-extra": {
          "version": "0.18.4",
          "resolved": "http://registry.npmjs.org/fs-extra/-/fs-extra-0.18.4.tgz",
          "integrity": "sha1-fyBXUtbTlZyWdTPjRUAWGns43DY=",
          "optional": true,
          "requires": {
            "graceful-fs": "3.0.11",
            "jsonfile": "2.4.0",
            "rimraf": "2.6.2"
          }
        },
        "npmconf": {
          "version": "2.1.1",
          "resolved": "https://registry.npmjs.org/npmconf/-/npmconf-2.1.1.tgz",
          "integrity": "sha1-ombH5cVmlet/VcrzpacyjyRRDa4=",
          "optional": true,
          "requires": {
            "config-chain": "1.1.12",
            "inherits": "2.0.3",
            "ini": "1.3.5",
            "mkdirp": "0.5.1",
            "nopt": "3.0.6",
            "once": "1.3.3",
            "osenv": "0.1.5",
            "semver": "4.3.6",
            "uid-number": "0.0.5"
          }
        },
        "once": {
          "version": "1.3.3",
          "resolved": "https://registry.npmjs.org/once/-/once-1.3.3.tgz",
          "integrity": "sha1-suJhVXzkwxTsgwTz+oJmPkKXyiA=",
          "optional": true,
          "requires": {
            "wrappy": "1.0.2"
          }
        }
      }
    },
    "portscanner": {
      "version": "1.0.0",
      "resolved": "https://registry.npmjs.org/portscanner/-/portscanner-1.0.0.tgz",
      "integrity": "sha1-O1z+OTgotRYKvGAOYnDrwvFZBVg=",
      "requires": {
        "async": "0.1.15"
      },
      "dependencies": {
        "async": {
          "version": "0.1.15",
          "resolved": "http://registry.npmjs.org/async/-/async-0.1.15.tgz",
          "integrity": "sha1-IYDqyizypspSgNQcBYW+ybPkm9M="
        }
      }
    },
    "progress": {
      "version": "1.1.8",
      "resolved": "http://registry.npmjs.org/progress/-/progress-1.1.8.tgz",
      "integrity": "sha1-4mDHj2Fhzdmw5WzD4Khd4Xx6V74=",
      "optional": true
    },
    "proto-list": {
      "version": "1.2.4",
      "resolved": "https://registry.npmjs.org/proto-list/-/proto-list-1.2.4.tgz",
      "integrity": "sha1-IS1b/hMYMGpCD2QCuOJv85ZHqEk=",
      "optional": true
    },
    "psl": {
      "version": "1.1.29",
      "resolved": "https://registry.npmjs.org/psl/-/psl-1.1.29.tgz",
      "integrity": "sha512-AeUmQ0oLN02flVHXWh9sSJF7mcdFq0ppid/JkErufc3hGIV/AMa8Fo9VgDo/cT2jFdOWoFvHp90qqBH54W+gjQ==",
      "optional": true
    },
    "punycode": {
      "version": "1.4.1",
      "resolved": "https://registry.npmjs.org/punycode/-/punycode-1.4.1.tgz",
      "integrity": "sha1-wNWmOycYgArY4esPpSachN1BhF4=",
      "optional": true
    },
    "qs": {
      "version": "1.2.2",
      "resolved": "https://registry.npmjs.org/qs/-/qs-1.2.2.tgz",
      "integrity": "sha1-GbV/8k3CqZzh+L32r82ln472H4g=",
      "optional": true
    },
    "readable-stream": {
      "version": "1.0.34",
      "resolved": "http://registry.npmjs.org/readable-stream/-/readable-stream-1.0.34.tgz",
      "integrity": "sha1-Elgg40vIQtLyqq+v5MKRbuMsFXw=",
      "optional": true,
      "requires": {
        "core-util-is": "1.0.2",
        "inherits": "2.0.3",
        "isarray": "0.0.1",
        "string_decoder": "0.10.31"
      }
    },
    "request": {
      "version": "2.42.0",
      "resolved": "http://registry.npmjs.org/request/-/request-2.42.0.tgz",
      "integrity": "sha1-VyvQFIk4VkBArHqxSLlkI6BjMEo=",
      "optional": true,
      "requires": {
        "aws-sign2": "0.5.0",
        "bl": "0.9.5",
        "caseless": "0.6.0",
        "forever-agent": "0.5.2",
        "form-data": "0.1.4",
        "hawk": "1.1.1",
        "http-signature": "0.10.1",
        "json-stringify-safe": "5.0.1",
        "mime-types": "1.0.2",
        "node-uuid": "1.4.8",
        "oauth-sign": "0.4.0",
        "qs": "1.2.2",
        "stringstream": "0.0.6",
        "tough-cookie": "2.4.3",
        "tunnel-agent": "0.4.3"
      }
    },
    "request-progress": {
      "version": "0.3.1",
      "resolved": "https://registry.npmjs.org/request-progress/-/request-progress-0.3.1.tgz",
      "integrity": "sha1-ByHBBdipasayzossia4tXs/Pazo=",
      "optional": true,
      "requires": {
        "throttleit": "0.0.2"
      }
    },
    "rimraf": {
      "version": "2.6.2",
      "resolved": "https://registry.npmjs.org/rimraf/-/rimraf-2.6.2.tgz",
      "integrity": "sha512-lreewLK/BlghmxtfH36YYVg1i8IAce4TI7oao75I1g245+6BctqTVQiBP3YUJ9C6DQOXJmkYR9X9fCLtCOJc5w==",
      "optional": true,
      "requires": {
        "glob": "7.1.3"
      }
    },
    "semver": {
      "version": "4.3.6",
      "resolved": "http://registry.npmjs.org/semver/-/semver-4.3.6.tgz",
      "integrity": "sha1-MAvG4OhjdPe6YQaLWx7NV/xlMto=",
      "optional": true
    },
    "sntp": {
      "version": "0.2.4",
      "resolved": "http://registry.npmjs.org/sntp/-/sntp-0.2.4.tgz",
      "integrity": "sha1-+4hfGLDzqtGJ+CSGJTa87ux1CQA=",
      "optional": true,
      "requires": {
        "hoek": "0.9.1"
      }
    },
    "stream-to-array": {
      "version": "2.3.0",
      "resolved": "https://registry.npmjs.org/stream-to-array/-/stream-to-array-2.3.0.tgz",
      "integrity": "sha1-u/azn19D7DC8cbq8s3VXrOzzQ1M=",
      "requires": {
        "any-promise": "1.3.0"
      }
    },
    "string_decoder": {
      "version": "0.10.31",
      "resolved": "https://registry.npmjs.org/string_decoder/-/string_decoder-0.10.31.tgz",
      "integrity": "sha1-YuIDvEF2bGwoyfyEMB2rHFMQ+pQ=",
      "optional": true
    },
    "stringstream": {
      "version": "0.0.6",
      "resolved": "https://registry.npmjs.org/stringstream/-/stringstream-0.0.6.tgz",
      "integrity": "sha512-87GEBAkegbBcweToUrdzf3eLhWNg06FJTebl4BVJz/JgWy8CvEr9dRtX5qWphiynMSQlxxi+QqN0z5T32SLlhA==",
      "optional": true
    },
    "throttleit": {
      "version": "0.0.2",
      "resolved": "https://registry.npmjs.org/throttleit/-/throttleit-0.0.2.tgz",
      "integrity": "sha1-z+34jmDADdlpe2H90qg0OptoDq8=",
      "optional": true
    },
    "tough-cookie": {
      "version": "2.4.3",
      "resolved": "https://registry.npmjs.org/tough-cookie/-/tough-cookie-2.4.3.tgz",
      "integrity": "sha512-Q5srk/4vDM54WJsJio3XNn6K2sCG+CQ8G5Wz6bZhRZoAe/+TxjWB/GlFAnYEbkYVlON9FMk/fE3h2RLpPXo4lQ==",
      "optional": true,
      "requires": {
        "psl": "1.1.29",
        "punycode": "1.4.1"
      }
    },
    "tunnel-agent": {
      "version": "0.4.3",
      "resolved": "https://registry.npmjs.org/tunnel-agent/-/tunnel-agent-0.4.3.tgz",
      "integrity": "sha1-Y3PbdpCf5XDgjXNYM2Xtgop07us=",
      "optional": true
    },
    "uid-number": {
      "version": "0.0.5",
      "resolved": "https://registry.npmjs.org/uid-number/-/uid-number-0.0.5.tgz",
      "integrity": "sha1-Wj2yPvXb1VuB/ODsmirG/M3ruB4=",
      "optional": true
    },
    "underscore": {
      "version": "1.8.2",
      "resolved": "https://registry.npmjs.org/underscore/-/underscore-1.8.2.tgz",
      "integrity": "sha1-ZN8utZCJnelQeC83NRkLpC6/MR0="
    },
    "uuid": {
      "version": "2.0.2",
      "resolved": "http://registry.npmjs.org/uuid/-/uuid-2.0.2.tgz",
      "integrity": "sha1-SL1WmPBnfjx5AaHEbvFbFkN5RyY="
    },
    "which": {
      "version": "1.0.9",
      "resolved": "https://registry.npmjs.org/which/-/which-1.0.9.tgz",
      "integrity": "sha1-RgwdoPgQED0DIam2M6+eV15kSG8=",
      "optional": true
    },
    "wrappy": {
      "version": "1.0.2",
      "resolved": "https://registry.npmjs.org/wrappy/-/wrappy-1.0.2.tgz",
      "integrity": "sha1-tSQ9jz7BqjXxNkYFvA0QNuMKtp8="
    }
  }
}
