{
  "name": "pdf",
  "version": "1.0.0",
  "lockfileVersion": 1,
  "requires": true,
  "dependencies": {
    "is": {
      "version": "3.2.1",
      "resolved": "https://registry.npmjs.org/is/-/is-3.2.1.tgz",
      "integrity": "sha1-0Kwq1V63sL7JJqUmb2xmKqqD3KU="
    },
    "jsreport-chrome-pdf": {
      "version": "1.2.0",
      "resolved": "https://registry.npmjs.org/jsreport-chrome-pdf/-/jsreport-chrome-pdf-1.2.0.tgz",
      "integrity": "sha512-EvGHaLoVuTEq1KugdOYgpDO9lGEu3HZCCzBu4rCUyXbf9KjHEnJSukRQxjgcfQceFLLBMCT0ggNRn/5a61EmOw==",
      "requires": {
        "node.extend": "2.0.0",
        "uuid": "3.2.1"
      }
    },
    "mustache": {
      "version": "2.3.0",
      "resolved": "https://registry.npmjs.org/mustache/-/mustache-2.3.0.tgz",
      "integrity": "sha1-QCj3d4sXcIpImTCm5SrDvKDaQdA="
    },
    "node.extend": {
      "version": "2.0.0",
      "resolved": "https://registry.npmjs.org/node.extend/-/node.extend-2.0.0.tgz",
      "integrity": "sha1-dSWih1Z36lNHhKXhCseJVhOWFN8=",
      "requires": {
        "is": "^3.2.1"
      }
    },
    "uuid": {
      "version": "3.2.1",
      "resolved": "https://registry.npmjs.org/uuid/-/uuid-3.2.1.tgz",
      "integrity": "sha512-jZnMwlb9Iku/O3smGWvZhauCf6cvvpKi4BKRiliS3cxnI+Gz9j5MEpTz2UFuXiKPJocb7gnsLHwiS05ige5BEA=="
    }
  }
}
